
Microsoft Visual Studio Solution File, Format Version 12.00
# Visual Studio 15
VisualStudioVersion = 15.0.28307.645
MinimumVisualStudioVersion = 10.0.40219.1
Project("{2150E333-8FDC-42A3-9474-1A3956D46DE8}") = "PL", "PL", "{CA871CF8-1B9E-41F3-BDE3-E0615EFEE385}"
EndProject
Project("{2150E333-8FDC-42A3-9474-1A3956D46DE8}") = "BLL", "BLL", "{AB1DA5FB-7961-4028-B83C-FF142981FBFE}"
EndProject
Project("{2150E333-8FDC-42A3-9474-1A3956D46DE8}") = "DAL", "DAL", "{56F414D7-0C0E-4453-A894-9C621E1C8BBE}"
EndProject
Project("{FAE04EC0-301F-11D3-BF4B-00C04F79EFBC}") = "MVCInterface", "MVCInterface\MVCInterface.csproj", "{0FC56DC8-08B2-4464-8084-F5FAEBA1627C}"
EndProject
Project("{FAE04EC0-301F-11D3-BF4B-00C04F79EFBC}") = "TestSystem.DAL", "TestSystem.DAL\TestSystem.DAL.csproj", "{47E9D7E1-7241-40DC-B5A5-E5D2A815FE63}"
EndProject
Project("{FAE04EC0-301F-11D3-BF4B-00C04F79EFBC}") = "TestSystem.BLL", "TestSystem.BLL\TestSystem.BLL.csproj", "{DBC9F7DF-F490-46D6-A765-F1263DA69775}"
EndProject
Global
	GlobalSection(SolutionConfigurationPlatforms) = preSolution
		Debug|Any CPU = Debug|Any CPU
		Release|Any CPU = Release|Any CPU
	EndGlobalSection
	GlobalSection(ProjectConfigurationPlatforms) = postSolution
		{0FC56DC8-08B2-4464-8084-F5FAEBA1627C}.Debug|Any CPU.ActiveCfg = Debug|Any CPU
		{0FC56DC8-08B2-4464-8084-F5FAEBA1627C}.Debug|Any CPU.Build.0 = Debug|Any CPU
		{0FC56DC8-08B2-4464-8084-F5FAEBA1627C}.Release|Any CPU.ActiveCfg = Release|Any CPU
		{0FC56DC8-08B2-4464-8084-F5FAEBA1627C}.Release|Any CPU.Build.0 = Release|Any CPU
		{47E9D7E1-7241-40DC-B5A5-E5D2A815FE63}.Debug|Any CPU.ActiveCfg = Debug|Any CPU
		{47E9D7E1-7241-40DC-B5A5-E5D2A815FE63}.Debug|Any CPU.Build.0 = Debug|Any CPU
		{47E9D7E1-7241-40DC-B5A5-E5D2A815FE63}.Release|Any CPU.ActiveCfg = Release|Any CPU
		{47E9D7E1-7241-40DC-B5A5-E5D2A815FE63}.Release|Any CPU.Build.0 = Release|Any CPU
		{DBC9F7DF-F490-46D6-A765-F1263DA69775}.Debug|Any CPU.ActiveCfg = Debug|Any CPU
		{DBC9F7DF-F490-46D6-A765-F1263DA69775}.Debug|Any CPU.Build.0 = Debug|Any CPU
		{DBC9F7DF-F490-46D6-A765-F1263DA69775}.Release|Any CPU.ActiveCfg = Release|Any CPU
		{DBC9F7DF-F490-46D6-A765-F1263DA69775}.Release|Any CPU.Build.0 = Release|Any CPU
	EndGlobalSection
	GlobalSection(SolutionProperties) = preSolution
		HideSolutionNode = FALSE
	EndGlobalSection
	GlobalSection(NestedProjects) = preSolution
		{0FC56DC8-08B2-4464-8084-F5FAEBA1627C} = {CA871CF8-1B9E-41F3-BDE3-E0615EFEE385}
		{47E9D7E1-7241-40DC-B5A5-E5D2A815FE63} = {56F414D7-0C0E-4453-A894-9C621E1C8BBE}
		{DBC9F7DF-F490-46D6-A765-F1263DA69775} = {AB1DA5FB-7961-4028-B83C-FF142981FBFE}
	EndGlobalSection
	GlobalSection(ExtensibilityGlobals) = postSolution
		SolutionGuid = {50308CDB-4964-4C13-B1D9-039C5676415C}
	EndGlobalSection
EndGlobal
